
Microsoft Visual Studio Solution File, Format Version 12.00
# Visual Studio Version 17
VisualStudioVersion = 17.7.34031.279
MinimumVisualStudioVersion = 10.0.40219.1
Project("{FAE04EC0-301F-11D3-BF4B-00C04F79EFBC}") = "SeguroVeiculos.API", "SeguroVeiculos.API\SeguroVeiculos.API.csproj", "{DD2FC1D6-5D31-4E8D-B065-568AAB113353}"
EndProject
Project("{FAE04EC0-301F-11D3-BF4B-00C04F79EFBC}") = "SeguroVeiculos.Domain", "SeguroVeiculos.Domain\SeguroVeiculos.Domain.csproj", "{61F105FE-C25F-4340-A20B-3355410698EF}"
EndProject
Project("{FAE04EC0-301F-11D3-BF4B-00C04F79EFBC}") = "SeguroVeiculos.Application", "SeguroVeiculos.Application\SeguroVeiculos.Application.csproj", "{18B141E3-A9F4-4564-B90C-3594B1F1653E}"
EndProject
Project("{FAE04EC0-301F-11D3-BF4B-00C04F79EFBC}") = "SeguroVeiculos.Infrastructure", "SeguroVeiculos.Infrastructure\SeguroVeiculos.Infrastructure.csproj", "{1090971E-7AAA-42B4-8938-881D1632E361}"
EndProject
Project("{2150E333-8FDC-42A3-9474-1A3956D46DE8}") = "Itens de Solução", "Itens de Solução", "{761924BD-06E7-46E2-893A-471EDC113CEA}"
	ProjectSection(SolutionItems) = preProject
		docker-compose.yml = docker-compose.yml
	EndProjectSection
EndProject
Global
	GlobalSection(SolutionConfigurationPlatforms) = preSolution
		Debug|Any CPU = Debug|Any CPU
		Release|Any CPU = Release|Any CPU
	EndGlobalSection
	GlobalSection(ProjectConfigurationPlatforms) = postSolution
		{DD2FC1D6-5D31-4E8D-B065-568AAB113353}.Debug|Any CPU.ActiveCfg = Debug|Any CPU
		{DD2FC1D6-5D31-4E8D-B065-568AAB113353}.Debug|Any CPU.Build.0 = Debug|Any CPU
		{DD2FC1D6-5D31-4E8D-B065-568AAB113353}.Release|Any CPU.ActiveCfg = Release|Any CPU
		{DD2FC1D6-5D31-4E8D-B065-568AAB113353}.Release|Any CPU.Build.0 = Release|Any CPU
		{61F105FE-C25F-4340-A20B-3355410698EF}.Debug|Any CPU.ActiveCfg = Debug|Any CPU
		{61F105FE-C25F-4340-A20B-3355410698EF}.Debug|Any CPU.Build.0 = Debug|Any CPU
		{61F105FE-C25F-4340-A20B-3355410698EF}.Release|Any CPU.ActiveCfg = Release|Any CPU
		{61F105FE-C25F-4340-A20B-3355410698EF}.Release|Any CPU.Build.0 = Release|Any CPU
		{18B141E3-A9F4-4564-B90C-3594B1F1653E}.Debug|Any CPU.ActiveCfg = Debug|Any CPU
		{18B141E3-A9F4-4564-B90C-3594B1F1653E}.Debug|Any CPU.Build.0 = Debug|Any CPU
		{18B141E3-A9F4-4564-B90C-3594B1F1653E}.Release|Any CPU.ActiveCfg = Release|Any CPU
		{18B141E3-A9F4-4564-B90C-3594B1F1653E}.Release|Any CPU.Build.0 = Release|Any CPU
		{1090971E-7AAA-42B4-8938-881D1632E361}.Debug|Any CPU.ActiveCfg = Debug|Any CPU
		{1090971E-7AAA-42B4-8938-881D1632E361}.Debug|Any CPU.Build.0 = Debug|Any CPU
		{1090971E-7AAA-42B4-8938-881D1632E361}.Release|Any CPU.ActiveCfg = Release|Any CPU
		{1090971E-7AAA-42B4-8938-881D1632E361}.Release|Any CPU.Build.0 = Release|Any CPU
	EndGlobalSection
	GlobalSection(SolutionProperties) = preSolution
		HideSolutionNode = FALSE
	EndGlobalSection
	GlobalSection(ExtensibilityGlobals) = postSolution
		SolutionGuid = {864EAA8A-614E-4B60-B3BF-E33DF6850E88}
	EndGlobalSection
EndGlobal
